
Microsoft Visual Studio Solution File, Format Version 12.00
# Visual Studio Version 17
VisualStudioVersion = 17.0.31314.256
MinimumVisualStudioVersion = 10.0.40219.1
Project("{2150E333-8FDC-42A3-9474-1A3956D46DE8}") = "Automation", "Automation", "{0BFBE63A-B98A-3411-8EEB-8918FEC737B3}"
EndProject
Project("{2150E333-8FDC-42A3-9474-1A3956D46DE8}") = "Engine", "Engine", "{233774A8-CC9D-3FA9-86D1-90573E92B704}"
EndProject
Project("{2150E333-8FDC-42A3-9474-1A3956D46DE8}") = "Games", "Games", "{DE1F8B53-6C02-3C13-9101-A7C8D96F3FF6}"
EndProject
Project("{2150E333-8FDC-42A3-9474-1A3956D46DE8}") = "Programs", "Programs", "{A338B9E2-A559-34BE-A46D-F789DD488FAD}"
EndProject
Project("{2150E333-8FDC-42A3-9474-1A3956D46DE8}") = "Rules", "Rules", "{C2F57ECE-B26F-39D8-BDA7-C1D40BD8F180}"
EndProject
Project("{2150E333-8FDC-42A3-9474-1A3956D46DE8}") = "Shared", "Shared", "{57713676-9DBE-331C-AD10-26632AC9EE0C}"
EndProject
Project("{2150E333-8FDC-42A3-9474-1A3956D46DE8}") = "UnrealBuildTool.Plugins", "UnrealBuildTool.Plugins", "{7B5CFB44-F0FB-31DF-AE62-C3C096A29A7B}"
EndProject
Project("{8BC9CEB8-8B4A-11D0-8D11-00A0C91BC942}") = "UE5", "Intermediate\ProjectFiles\UE5.vcxproj", "{AC338AC5-9F9A-390F-9305-7EC0FE082E1D}"
EndProject
Project("{8BC9CEB8-8B4A-11D0-8D11-00A0C91BC942}") = "Project_ZS", "Intermediate\ProjectFiles\Project_ZS.vcxproj", "{8D44F5D6-9DD8-3A90-9C8B-981E63405B18}"
	ProjectSection(ProjectDependencies) = postProject
		{216242E9-B483-3983-973D-9C6D8957D96D} = {216242E9-B483-3983-973D-9C6D8957D96D}
	EndProjectSection
EndProject
Project("{FAE04EC0-301F-11D3-BF4B-00C04F79EFBC}") = "UnrealBuildTool", "..\..\..\Games\Epic games\UE_5.3\Engine\Source\Programs\UnrealBuildTool\UnrealBuildTool.csproj", "{216242E9-B483-3983-973D-9C6D8957D96D}"
EndProject
Project("{FAE04EC0-301F-11D3-BF4B-00C04F79EFBC}") = "AutomationTool", "..\..\..\Games\Epic games\UE_5.3\Engine\Source\Programs\AutomationTool\AutomationTool.csproj", "{3B780DE2-E697-3D08-BA9A-44625517072B}"
EndProject
Project("{FAE04EC0-301F-11D3-BF4B-00C04F79EFBC}") = "Android.Automation", "..\..\..\Games\Epic games\UE_5.3\Engine\Source\Programs\AutomationTool\Android\Android.Automation.csproj", "{E27591B8-5B45-36C9-AE2B-64F8111E5BCA}"
EndProject
Project("{FAE04EC0-301F-11D3-BF4B-00C04F79EFBC}") = "Apple.Automation", "..\..\..\Games\Epic games\UE_5.3\Engine\Source\Programs\AutomationTool\Apple\Apple.Automation.csproj", "{536C7EF8-9A93-36E2-A177-3266620CBAE9}"
EndProject
Project("{FAE04EC0-301F-11D3-BF4B-00C04F79EFBC}") = "AutomationUtils.Automation", "..\..\..\Games\Epic games\UE_5.3\Engine\Source\Programs\AutomationTool\AutomationUtils\AutomationUtils.Automation.csproj", "{F76AFB24-09A4-361C-8920-82E1D37B9D8A}"
EndProject
Project("{FAE04EC0-301F-11D3-BF4B-00C04F79EFBC}") = "BuildGraph.Automation", "..\..\..\Games\Epic games\UE_5.3\Engine\Source\Programs\AutomationTool\BuildGraph\BuildGraph.Automation.csproj", "{7F8368DB-797B-335C-B576-E56A2F2957F0}"
EndProject
Project("{FAE04EC0-301F-11D3-BF4B-00C04F79EFBC}") = "CookedEditor.Automation", "..\..\..\Games\Epic games\UE_5.3\Engine\Source\Programs\AutomationTool\CookedEditor\CookedEditor.Automation.csproj", "{D6FACF49-BF5E-3FDC-A8E6-02CBC2186337}"
EndProject
Project("{FAE04EC0-301F-11D3-BF4B-00C04F79EFBC}") = "CrowdinLocalization.Automation", "..\..\..\Games\Epic games\UE_5.3\Engine\Source\Programs\AutomationTool\CrowdinLocalization\CrowdinLocalization.Automation.csproj", "{7D38DDAA-50D6-3F7F-A3EA-00A30A13F125}"
EndProject
Project("{FAE04EC0-301F-11D3-BF4B-00C04F79EFBC}") = "Gauntlet.Automation", "..\..\..\Games\Epic games\UE_5.3\Engine\Source\Programs\AutomationTool\Gauntlet\Gauntlet.Automation.csproj", "{C3159760-0F7E-3127-9B92-A9C7711FD8E2}"
EndProject
Project("{FAE04EC0-301F-11D3-BF4B-00C04F79EFBC}") = "IOS.Automation", "..\..\..\Games\Epic games\UE_5.3\Engine\Source\Programs\AutomationTool\IOS\IOS.Automation.csproj", "{01476324-2177-390D-BAE9-C7F81E97AA10}"
EndProject
Project("{FAE04EC0-301F-11D3-BF4B-00C04F79EFBC}") = "Linux.Automation", "..\..\..\Games\Epic games\UE_5.3\Engine\Source\Programs\AutomationTool\Linux\Linux.Automation.csproj", "{F88BA940-6C47-37A8-8682-31B07B577575}"
EndProject
Project("{FAE04EC0-301F-11D3-BF4B-00C04F79EFBC}") = "Localization.Automation", "..\..\..\Games\Epic games\UE_5.3\Engine\Source\Programs\AutomationTool\Localization\Localization.Automation.csproj", "{FD794C89-7C4D-31FE-B522-4549DE9EDF99}"
EndProject
Project("{FAE04EC0-301F-11D3-BF4B-00C04F79EFBC}") = "LowLevelTests.Automation", "..\..\..\Games\Epic games\UE_5.3\Engine\Source\Programs\AutomationTool\LowLevelTests\LowLevelTests.Automation.csproj", "{72489747-582D-35BE-AF93-5FAF001270F8}"
EndProject
Project("{FAE04EC0-301F-11D3-BF4B-00C04F79EFBC}") = "Mac.Automation", "..\..\..\Games\Epic games\UE_5.3\Engine\Source\Programs\AutomationTool\Mac\Mac.Automation.csproj", "{7BEAF110-BE9B-3EDF-BB69-F4923BE25265}"
EndProject
Project("{FAE04EC0-301F-11D3-BF4B-00C04F79EFBC}") = "OneSkyLocalization.Automation", "..\..\..\Games\Epic games\UE_5.3\Engine\Source\Programs\AutomationTool\OneSkyLocalization\OneSkyLocalization.Automation.csproj", "{39B8128D-9BC1-385F-B587-E7BD4EC53881}"
EndProject
Project("{FAE04EC0-301F-11D3-BF4B-00C04F79EFBC}") = "AutomationScripts.Automation", "..\..\..\Games\Epic games\UE_5.3\Engine\Source\Programs\AutomationTool\Scripts\AutomationScripts.Automation.csproj", "{70B6CF65-CF67-3BA6-908D-0504CD8F689D}"
EndProject
Project("{FAE04EC0-301F-11D3-BF4B-00C04F79EFBC}") = "SmartlingLocalization.Automation", "..\..\..\Games\Epic games\UE_5.3\Engine\Source\Programs\AutomationTool\SmartlingLocalization\SmartlingLocalization.Automation.csproj", "{7B7D5856-3A91-345D-8155-076C5BBE2019}"
EndProject
Project("{FAE04EC0-301F-11D3-BF4B-00C04F79EFBC}") = "SteamDeck.Automation", "..\..\..\Games\Epic games\UE_5.3\Engine\Source\Programs\AutomationTool\SteamDeck\SteamDeck.Automation.csproj", "{55EFC797-6D0C-372D-90E7-37F53F1524FF}"
EndProject
Project("{FAE04EC0-301F-11D3-BF4B-00C04F79EFBC}") = "TVOS.Automation", "..\..\..\Games\Epic games\UE_5.3\Engine\Source\Programs\AutomationTool\TVOS\TVOS.Automation.csproj", "{38AA9044-8376-3731-B2D1-C35AE2929615}"
EndProject
Project("{FAE04EC0-301F-11D3-BF4B-00C04F79EFBC}") = "Turnkey.Automation", "..\..\..\Games\Epic games\UE_5.3\Engine\Source\Programs\AutomationTool\Turnkey\Turnkey.Automation.csproj", "{640FAF55-4F38-3BCF-A55F-3C5DD4E6A0E3}"
EndProject
Project("{FAE04EC0-301F-11D3-BF4B-00C04F79EFBC}") = "Win.Automation", "..\..\..\Games\Epic games\UE_5.3\Engine\Source\Programs\AutomationTool\Win\Win.Automation.csproj", "{E3F14726-635F-30E1-AE6B-E99937640419}"
EndProject
Project("{FAE04EC0-301F-11D3-BF4B-00C04F79EFBC}") = "XLocLocalization.Automation", "..\..\..\Games\Epic games\UE_5.3\Engine\Source\Programs\AutomationTool\XLocLocalization\XLocLocalization.Automation.csproj", "{4A832821-55FF-3832-BB03-A35D0D22FA38}"
EndProject
Project("{FAE04EC0-301F-11D3-BF4B-00C04F79EFBC}") = "ScriptGeneratorUbtPlugin.ubtplugin", "..\..\..\Games\Epic games\UE_5.3\Engine\Plugins\ScriptPlugin\Source\ScriptGeneratorUbtPlugin\ScriptGeneratorUbtPlugin.ubtplugin.csproj", "{3EF2E680-8A12-37AE-AA74-D4A35B8C4AC9}"
EndProject
Project("{FAE04EC0-301F-11D3-BF4B-00C04F79EFBC}") = "EpicGames.AspNet", "..\..\..\Games\Epic games\UE_5.3\Engine\Source\Programs\Shared\EpicGames.AspNet\EpicGames.AspNet.csproj", "{4C716E21-E81B-38E2-B590-7534B972F254}"
EndProject
Project("{FAE04EC0-301F-11D3-BF4B-00C04F79EFBC}") = "EpicGames.Box", "..\..\..\Games\Epic games\UE_5.3\Engine\Source\Programs\Shared\EpicGames.Box\EpicGames.Box.csproj", "{30A81E82-6595-336E-AB9C-2F5612947DB6}"
EndProject
Project("{FAE04EC0-301F-11D3-BF4B-00C04F79EFBC}") = "EpicGames.Build", "..\..\..\Games\Epic games\UE_5.3\Engine\Source\Programs\Shared\EpicGames.Build\EpicGames.Build.csproj", "{3AD63884-1C24-3B0C-80EF-D8ECFE8B996E}"
EndProject
Project("{FAE04EC0-301F-11D3-BF4B-00C04F79EFBC}") = "EpicGames.BuildGraph", "..\..\..\Games\Epic games\UE_5.3\Engine\Source\Programs\Shared\EpicGames.BuildGraph\EpicGames.BuildGraph.csproj", "{7A59EBEE-6483-39B6-A74F-4819BE5FAE84}"
EndProject
Project("{FAE04EC0-301F-11D3-BF4B-00C04F79EFBC}") = "EpicGames.Core", "..\..\..\Games\Epic games\UE_5.3\Engine\Source\Programs\Shared\EpicGames.Core\EpicGames.Core.csproj", "{92CE4598-EB8A-31FB-9866-ADD00A480C23}"
EndProject
Project("{FAE04EC0-301F-11D3-BF4B-00C04F79EFBC}") = "EpicGames.Horde", "..\..\..\Games\Epic games\UE_5.3\Engine\Source\Programs\Shared\EpicGames.Horde\EpicGames.Horde.csproj", "{5BFE6338-ADBA-3616-AC47-DC11A5231B21}"
EndProject
Project("{FAE04EC0-301F-11D3-BF4B-00C04F79EFBC}") = "EpicGames.IoHash", "..\..\..\Games\Epic games\UE_5.3\Engine\Source\Programs\Shared\EpicGames.IoHash\EpicGames.IoHash.csproj", "{F32D4C91-9F7A-331D-92AD-7E8026C63F5D}"
EndProject
Project("{FAE04EC0-301F-11D3-BF4B-00C04F79EFBC}") = "EpicGames.Jupiter", "..\..\..\Games\Epic games\UE_5.3\Engine\Source\Programs\Shared\EpicGames.Jupiter\EpicGames.Jupiter.csproj", "{F2BDC3E7-80A0-3711-AADE-81742E4C3A49}"
EndProject
Project("{FAE04EC0-301F-11D3-BF4B-00C04F79EFBC}") = "EpicGames.MongoDB", "..\..\..\Games\Epic games\UE_5.3\Engine\Source\Programs\Shared\EpicGames.MongoDB\EpicGames.MongoDB.csproj", "{6047A0E6-3F31-3A75-92E1-21BC42663572}"
EndProject
Project("{FAE04EC0-301F-11D3-BF4B-00C04F79EFBC}") = "EpicGames.MsBuild", "..\..\..\Games\Epic games\UE_5.3\Engine\Source\Programs\Shared\EpicGames.MsBuild\EpicGames.MsBuild.csproj", "{05ABB822-304B-3AE0-B5D8-F54652B8B7E2}"
EndProject
Project("{FAE04EC0-301F-11D3-BF4B-00C04F79EFBC}") = "EpicGames.OIDC", "..\..\..\Games\Epic games\UE_5.3\Engine\Source\Programs\Shared\EpicGames.OIDC\EpicGames.OIDC.csproj", "{AB02DE7B-F009-3FE2-ADDD-B19F48F91EB1}"
EndProject
Project("{FAE04EC0-301F-11D3-BF4B-00C04F79EFBC}") = "EpicGames.Oodle", "..\..\..\Games\Epic games\UE_5.3\Engine\Source\Programs\Shared\EpicGames.Oodle\EpicGames.Oodle.csproj", "{14DAD897-954F-3CA7-A92B-B7113F8F5EED}"
EndProject
Project("{FAE04EC0-301F-11D3-BF4B-00C04F79EFBC}") = "EpicGames.Perforce", "..\..\..\Games\Epic games\UE_5.3\Engine\Source\Programs\Shared\EpicGames.Perforce\EpicGames.Perforce.csproj", "{29921253-4902-3E66-9835-54B4E3D0A6BB}"
EndProject
Project("{FAE04EC0-301F-11D3-BF4B-00C04F79EFBC}") = "EpicGames.Perforce.Fixture", "..\..\..\Games\Epic games\UE_5.3\Engine\Source\Programs\Shared\EpicGames.Perforce.Fixture\EpicGames.Perforce.Fixture.csproj", "{CBB842FA-C48B-3B30-A37E-3D0CC88D7E4A}"
EndProject
Project("{FAE04EC0-301F-11D3-BF4B-00C04F79EFBC}") = "EpicGames.Perforce.Managed", "..\..\..\Games\Epic games\UE_5.3\Engine\Source\Programs\Shared\EpicGames.Perforce.Managed\EpicGames.Perforce.Managed.csproj", "{BEFBE784-A280-307D-9A2D-E47EB2A30436}"
EndProject
Project("{FAE04EC0-301F-11D3-BF4B-00C04F79EFBC}") = "EpicGames.Redis", "..\..\..\Games\Epic games\UE_5.3\Engine\Source\Programs\Shared\EpicGames.Redis\EpicGames.Redis.csproj", "{EB82DBFF-E86A-3E85-9F87-0C4B1BD286C0}"
EndProject
Project("{FAE04EC0-301F-11D3-BF4B-00C04F79EFBC}") = "EpicGames.Serialization", "..\..\..\Games\Epic games\UE_5.3\Engine\Source\Programs\Shared\EpicGames.Serialization\EpicGames.Serialization.csproj", "{39AB57A8-892D-35B7-9EB7-358F93F5C214}"
EndProject
Project("{FAE04EC0-301F-11D3-BF4B-00C04F79EFBC}") = "EpicGames.Slack", "..\..\..\Games\Epic games\UE_5.3\Engine\Source\Programs\Shared\EpicGames.Slack\EpicGames.Slack.csproj", "{A5BD3ACB-194B-39FD-ACD4-77E155234D5A}"
EndProject
Project("{FAE04EC0-301F-11D3-BF4B-00C04F79EFBC}") = "EpicGames.Tracing", "..\..\..\Games\Epic games\UE_5.3\Engine\Source\Programs\Shared\EpicGames.Tracing\EpicGames.Tracing.csproj", "{9A345194-6255-3373-8463-EBD6822EB831}"
EndProject
Project("{FAE04EC0-301F-11D3-BF4B-00C04F79EFBC}") = "EpicGames.UHT", "..\..\..\Games\Epic games\UE_5.3\Engine\Source\Programs\Shared\EpicGames.UHT\EpicGames.UHT.csproj", "{5829620F-3E76-3F94-B329-C254236E63A5}"
EndProject
Project("{FAE04EC0-301F-11D3-BF4B-00C04F79EFBC}") = "MarketplaceRules", "..\..\..\Games\Epic games\UE_5.3\Engine\Intermediate\Build\BuildRulesProjects\MarketplaceRules\MarketplaceRules.csproj", "{0660CE0D-E3C5-339C-8220-1E8E51A78D2B}"
EndProject
Project("{FAE04EC0-301F-11D3-BF4B-00C04F79EFBC}") = "UE5ProgramRules", "..\..\..\Games\Epic games\UE_5.3\Engine\Intermediate\Build\BuildRulesProjects\UE5ProgramRules\UE5ProgramRules.csproj", "{099FB5AF-9A6E-3F18-A67C-8C320C379D29}"
EndProject
Project("{FAE04EC0-301F-11D3-BF4B-00C04F79EFBC}") = "UE5Rules", "..\..\..\Games\Epic games\UE_5.3\Engine\Intermediate\Build\BuildRulesProjects\UE5Rules\UE5Rules.csproj", "{80FE6973-80F8-3CBA-B0C2-7F7FD7820114}"
EndProject
Project("{FAE04EC0-301F-11D3-BF4B-00C04F79EFBC}") = "Project_ZSModuleRules", "Intermediate\Build\BuildRulesProjects\Project_ZSModuleRules\Project_ZSModuleRules.csproj", "{2880B4B4-FFD7-38C1-9569-B29EFDCB9B61}"
EndProject
Project("{2150E333-8FDC-42A3-9474-1A3956D46DE8}") = "Visualizers", "Visualizers", "{1CCEC849-CC72-4C59-8C36-2F7C38706D4C}"
	ProjectSection(SolutionItems) = preProject
		..\..\..\Games\Epic games\UE_5.3\Engine\Extras\VisualStudioDebugging\Unreal.natvis = ..\..\..\Games\Epic games\UE_5.3\Engine\Extras\VisualStudioDebugging\Unreal.natvis
		..\..\..\Games\Epic games\UE_5.3\Engine\Extras\VisualStudioDebugging\Unreal.natstepfilter = ..\..\..\Games\Epic games\UE_5.3\Engine\Extras\VisualStudioDebugging\Unreal.natstepfilter
	EndProjectSection
EndProject
Global
	GlobalSection(SolutionConfigurationPlatforms) = preSolution
		DebugGame Editor|Win64 = DebugGame Editor|Win64
		DebugGame|Win64 = DebugGame|Win64
		Development Editor|Win64 = Development Editor|Win64
		Development|Win64 = Development|Win64
		Shipping|Win64 = Shipping|Win64
	EndGlobalSection
	# UnrealVS Section
	GlobalSection(ddbf523f-7eb6-4887-bd51-85a714ff87eb) = preSolution
		AvailablePlatforms=Win64
	EndGlobalSection
	GlobalSection(ProjectConfigurationPlatforms) = postSolution
		{AC338AC5-9F9A-390F-9305-7EC0FE082E1D}.DebugGame Editor|Win64.ActiveCfg = BuiltWithUnrealBuildTool|Win64
		{AC338AC5-9F9A-390F-9305-7EC0FE082E1D}.DebugGame|Win64.ActiveCfg = BuiltWithUnrealBuildTool|Win64
		{AC338AC5-9F9A-390F-9305-7EC0FE082E1D}.Development Editor|Win64.ActiveCfg = BuiltWithUnrealBuildTool|Win64
		{AC338AC5-9F9A-390F-9305-7EC0FE082E1D}.Development|Win64.ActiveCfg = BuiltWithUnrealBuildTool|Win64
		{AC338AC5-9F9A-390F-9305-7EC0FE082E1D}.Shipping|Win64.ActiveCfg = BuiltWithUnrealBuildTool|Win64
		{8D44F5D6-9DD8-3A90-9C8B-981E63405B18}.DebugGame Editor|Win64.ActiveCfg = DebugGame_Editor|x64
		{8D44F5D6-9DD8-3A90-9C8B-981E63405B18}.DebugGame Editor|Win64.Build.0 = DebugGame_Editor|x64
		{8D44F5D6-9DD8-3A90-9C8B-981E63405B18}.DebugGame|Win64.ActiveCfg = DebugGame|x64
		{8D44F5D6-9DD8-3A90-9C8B-981E63405B18}.DebugGame|Win64.Build.0 = DebugGame|x64
		{8D44F5D6-9DD8-3A90-9C8B-981E63405B18}.Development Editor|Win64.ActiveCfg = Development_Editor|x64
		{8D44F5D6-9DD8-3A90-9C8B-981E63405B18}.Development Editor|Win64.Build.0 = Development_Editor|x64
		{8D44F5D6-9DD8-3A90-9C8B-981E63405B18}.Development|Win64.ActiveCfg = Development|x64
		{8D44F5D6-9DD8-3A90-9C8B-981E63405B18}.Development|Win64.Build.0 = Development|x64
		{8D44F5D6-9DD8-3A90-9C8B-981E63405B18}.Shipping|Win64.ActiveCfg = Shipping|x64
		{8D44F5D6-9DD8-3A90-9C8B-981E63405B18}.Shipping|Win64.Build.0 = Shipping|x64
		{216242E9-B483-3983-973D-9C6D8957D96D}.DebugGame Editor|Win64.ActiveCfg = Development|Any CPU
		{216242E9-B483-3983-973D-9C6D8957D96D}.DebugGame Editor|Win64.Build.0 = Development|Any CPU
		{216242E9-B483-3983-973D-9C6D8957D96D}.DebugGame|Win64.ActiveCfg = Development|Any CPU
		{216242E9-B483-3983-973D-9C6D8957D96D}.DebugGame|Win64.Build.0 = Development|Any CPU
		{216242E9-B483-3983-973D-9C6D8957D96D}.Development Editor|Win64.ActiveCfg = Development|Any CPU
		{216242E9-B483-3983-973D-9C6D8957D96D}.Development Editor|Win64.Build.0 = Development|Any CPU
		{216242E9-B483-3983-973D-9C6D8957D96D}.Development|Win64.ActiveCfg = Development|Any CPU
		{216242E9-B483-3983-973D-9C6D8957D96D}.Development|Win64.Build.0 = Development|Any CPU
		{216242E9-B483-3983-973D-9C6D8957D96D}.Shipping|Win64.ActiveCfg = Development|Any CPU
		{216242E9-B483-3983-973D-9C6D8957D96D}.Shipping|Win64.Build.0 = Development|Any CPU
		{3B780DE2-E697-3D08-BA9A-44625517072B}.DebugGame Editor|Win64.ActiveCfg = Development|Any CPU
		{3B780DE2-E697-3D08-BA9A-44625517072B}.DebugGame Editor|Win64.Build.0 = Development|Any CPU
		{3B780DE2-E697-3D08-BA9A-44625517072B}.DebugGame|Win64.ActiveCfg = Development|Any CPU
		{3B780DE2-E697-3D08-BA9A-44625517072B}.DebugGame|Win64.Build.0 = Development|Any CPU
		{3B780DE2-E697-3D08-BA9A-44625517072B}.Development Editor|Win64.ActiveCfg = Development|Any CPU
		{3B780DE2-E697-3D08-BA9A-44625517072B}.Development Editor|Win64.Build.0 = Development|Any CPU
		{3B780DE2-E697-3D08-BA9A-44625517072B}.Development|Win64.ActiveCfg = Development|Any CPU
		{3B780DE2-E697-3D08-BA9A-44625517072B}.Development|Win64.Build.0 = Development|Any CPU
		{3B780DE2-E697-3D08-BA9A-44625517072B}.Shipping|Win64.ActiveCfg = Development|Any CPU
		{3B780DE2-E697-3D08-BA9A-44625517072B}.Shipping|Win64.Build.0 = Development|Any CPU
		{E27591B8-5B45-36C9-AE2B-64F8111E5BCA}.DebugGame Editor|Win64.ActiveCfg = Development|Any CPU
		{E27591B8-5B45-36C9-AE2B-64F8111E5BCA}.DebugGame Editor|Win64.Build.0 = Development|Any CPU
		{E27591B8-5B45-36C9-AE2B-64F8111E5BCA}.DebugGame|Win64.ActiveCfg = Development|Any CPU
		{E27591B8-5B45-36C9-AE2B-64F8111E5BCA}.DebugGame|Win64.Build.0 = Development|Any CPU
		{E27591B8-5B45-36C9-AE2B-64F8111E5BCA}.Development Editor|Win64.ActiveCfg = Development|Any CPU
		{E27591B8-5B45-36C9-AE2B-64F8111E5BCA}.Development Editor|Win64.Build.0 = Development|Any CPU
		{E27591B8-5B45-36C9-AE2B-64F8111E5BCA}.Development|Win64.ActiveCfg = Development|Any CPU
		{E27591B8-5B45-36C9-AE2B-64F8111E5BCA}.Development|Win64.Build.0 = Development|Any CPU
		{E27591B8-5B45-36C9-AE2B-64F8111E5BCA}.Shipping|Win64.ActiveCfg = Development|Any CPU
		{E27591B8-5B45-36C9-AE2B-64F8111E5BCA}.Shipping|Win64.Build.0 = Development|Any CPU
		{536C7EF8-9A93-36E2-A177-3266620CBAE9}.DebugGame Editor|Win64.ActiveCfg = Development|Any CPU
		{536C7EF8-9A93-36E2-A177-3266620CBAE9}.DebugGame Editor|Win64.Build.0 = Development|Any CPU
		{536C7EF8-9A93-36E2-A177-3266620CBAE9}.DebugGame|Win64.ActiveCfg = Development|Any CPU
		{536C7EF8-9A93-36E2-A177-3266620CBAE9}.DebugGame|Win64.Build.0 = Development|Any CPU
		{536C7EF8-9A93-36E2-A177-3266620CBAE9}.Development Editor|Win64.ActiveCfg = Development|Any CPU
		{536C7EF8-9A93-36E2-A177-3266620CBAE9}.Development Editor|Win64.Build.0 = Development|Any CPU
		{536C7EF8-9A93-36E2-A177-3266620CBAE9}.Development|Win64.ActiveCfg = Development|Any CPU
		{536C7EF8-9A93-36E2-A177-3266620CBAE9}.Development|Win64.Build.0 = Development|Any CPU
		{536C7EF8-9A93-36E2-A177-3266620CBAE9}.Shipping|Win64.ActiveCfg = Development|Any CPU
		{536C7EF8-9A93-36E2-A177-3266620CBAE9}.Shipping|Win64.Build.0 = Development|Any CPU
		{F76AFB24-09A4-361C-8920-82E1D37B9D8A}.DebugGame Editor|Win64.ActiveCfg = Development|Any CPU
		{F76AFB24-09A4-361C-8920-82E1D37B9D8A}.DebugGame Editor|Win64.Build.0 = Development|Any CPU
		{F76AFB24-09A4-361C-8920-82E1D37B9D8A}.DebugGame|Win64.ActiveCfg = Development|Any CPU
		{F76AFB24-09A4-361C-8920-82E1D37B9D8A}.DebugGame|Win64.Build.0 = Development|Any CPU
		{F76AFB24-09A4-361C-8920-82E1D37B9D8A}.Development Editor|Win64.ActiveCfg = Development|Any CPU
		{F76AFB24-09A4-361C-8920-82E1D37B9D8A}.Development Editor|Win64.Build.0 = Development|Any CPU
		{F76AFB24-09A4-361C-8920-82E1D37B9D8A}.Development|Win64.ActiveCfg = Development|Any CPU
		{F76AFB24-09A4-361C-8920-82E1D37B9D8A}.Development|Win64.Build.0 = Development|Any CPU
		{F76AFB24-09A4-361C-8920-82E1D37B9D8A}.Shipping|Win64.ActiveCfg = Development|Any CPU
		{F76AFB24-09A4-361C-8920-82E1D37B9D8A}.Shipping|Win64.Build.0 = Development|Any CPU
		{7F8368DB-797B-335C-B576-E56A2F2957F0}.DebugGame Editor|Win64.ActiveCfg = Development|Any CPU
		{7F8368DB-797B-335C-B576-E56A2F2957F0}.DebugGame Editor|Win64.Build.0 = Development|Any CPU
		{7F8368DB-797B-335C-B576-E56A2F2957F0}.DebugGame|Win64.ActiveCfg = Development|Any CPU
		{7F8368DB-797B-335C-B576-E56A2F2957F0}.DebugGame|Win64.Build.0 = Development|Any CPU
		{7F8368DB-797B-335C-B576-E56A2F2957F0}.Development Editor|Win64.ActiveCfg = Development|Any CPU
		{7F8368DB-797B-335C-B576-E56A2F2957F0}.Development Editor|Win64.Build.0 = Development|Any CPU
		{7F8368DB-797B-335C-B576-E56A2F2957F0}.Development|Win64.ActiveCfg = Development|Any CPU
		{7F8368DB-797B-335C-B576-E56A2F2957F0}.Development|Win64.Build.0 = Development|Any CPU
		{7F8368DB-797B-335C-B576-E56A2F2957F0}.Shipping|Win64.ActiveCfg = Development|Any CPU
		{7F8368DB-797B-335C-B576-E56A2F2957F0}.Shipping|Win64.Build.0 = Development|Any CPU
		{D6FACF49-BF5E-3FDC-A8E6-02CBC2186337}.DebugGame Editor|Win64.ActiveCfg = Development|Any CPU
		{D6FACF49-BF5E-3FDC-A8E6-02CBC2186337}.DebugGame Editor|Win64.Build.0 = Development|Any CPU
		{D6FACF49-BF5E-3FDC-A8E6-02CBC2186337}.DebugGame|Win64.ActiveCfg = Development|Any CPU
		{D6FACF49-BF5E-3FDC-A8E6-02CBC2186337}.DebugGame|Win64.Build.0 = Development|Any CPU
		{D6FACF49-BF5E-3FDC-A8E6-02CBC2186337}.Development Editor|Win64.ActiveCfg = Development|Any CPU
		{D6FACF49-BF5E-3FDC-A8E6-02CBC2186337}.Development Editor|Win64.Build.0 = Development|Any CPU
		{D6FACF49-BF5E-3FDC-A8E6-02CBC2186337}.Development|Win64.ActiveCfg = Development|Any CPU
		{D6FACF49-BF5E-3FDC-A8E6-02CBC2186337}.Development|Win64.Build.0 = Development|Any CPU
		{D6FACF49-BF5E-3FDC-A8E6-02CBC2186337}.Shipping|Win64.ActiveCfg = Development|Any CPU
		{D6FACF49-BF5E-3FDC-A8E6-02CBC2186337}.Shipping|Win64.Build.0 = Development|Any CPU
		{7D38DDAA-50D6-3F7F-A3EA-00A30A13F125}.DebugGame Editor|Win64.ActiveCfg = Development|Any CPU
		{7D38DDAA-50D6-3F7F-A3EA-00A30A13F125}.DebugGame Editor|Win64.Build.0 = Development|Any CPU
		{7D38DDAA-50D6-3F7F-A3EA-00A30A13F125}.DebugGame|Win64.ActiveCfg = Development|Any CPU
		{7D38DDAA-50D6-3F7F-A3EA-00A30A13F125}.DebugGame|Win64.Build.0 = Development|Any CPU
		{7D38DDAA-50D6-3F7F-A3EA-00A30A13F125}.Development Editor|Win64.ActiveCfg = Development|Any CPU
		{7D38DDAA-50D6-3F7F-A3EA-00A30A13F125}.Development Editor|Win64.Build.0 = Development|Any CPU
		{7D38DDAA-50D6-3F7F-A3EA-00A30A13F125}.Development|Win64.ActiveCfg = Development|Any CPU
		{7D38DDAA-50D6-3F7F-A3EA-00A30A13F125}.Development|Win64.Build.0 = Development|Any CPU
		{7D38DDAA-50D6-3F7F-A3EA-00A30A13F125}.Shipping|Win64.ActiveCfg = Development|Any CPU
		{7D38DDAA-50D6-3F7F-A3EA-00A30A13F125}.Shipping|Win64.Build.0 = Development|Any CPU
		{C3159760-0F7E-3127-9B92-A9C7711FD8E2}.DebugGame Editor|Win64.ActiveCfg = Development|Any CPU
		{C3159760-0F7E-3127-9B92-A9C7711FD8E2}.DebugGame Editor|Win64.Build.0 = Development|Any CPU
		{C3159760-0F7E-3127-9B92-A9C7711FD8E2}.DebugGame|Win64.ActiveCfg = Development|Any CPU
		{C3159760-0F7E-3127-9B92-A9C7711FD8E2}.DebugGame|Win64.Build.0 = Development|Any CPU
		{C3159760-0F7E-3127-9B92-A9C7711FD8E2}.Development Editor|Win64.ActiveCfg = Development|Any CPU
		{C3159760-0F7E-3127-9B92-A9C7711FD8E2}.Development Editor|Win64.Build.0 = Development|Any CPU
		{C3159760-0F7E-3127-9B92-A9C7711FD8E2}.Development|Win64.ActiveCfg = Development|Any CPU
		{C3159760-0F7E-3127-9B92-A9C7711FD8E2}.Development|Win64.Build.0 = Development|Any CPU
		{C3159760-0F7E-3127-9B92-A9C7711FD8E2}.Shipping|Win64.ActiveCfg = Development|Any CPU
		{C3159760-0F7E-3127-9B92-A9C7711FD8E2}.Shipping|Win64.Build.0 = Development|Any CPU
		{01476324-2177-390D-BAE9-C7F81E97AA10}.DebugGame Editor|Win64.ActiveCfg = Development|Any CPU
		{01476324-2177-390D-BAE9-C7F81E97AA10}.DebugGame Editor|Win64.Build.0 = Development|Any CPU
		{01476324-2177-390D-BAE9-C7F81E97AA10}.DebugGame|Win64.ActiveCfg = Development|Any CPU
		{01476324-2177-390D-BAE9-C7F81E97AA10}.DebugGame|Win64.Build.0 = Development|Any CPU
		{01476324-2177-390D-BAE9-C7F81E97AA10}.Development Editor|Win64.ActiveCfg = Development|Any CPU
		{01476324-2177-390D-BAE9-C7F81E97AA10}.Development Editor|Win64.Build.0 = Development|Any CPU
		{01476324-2177-390D-BAE9-C7F81E97AA10}.Development|Win64.ActiveCfg = Development|Any CPU
		{01476324-2177-390D-BAE9-C7F81E97AA10}.Development|Win64.Build.0 = Development|Any CPU
		{01476324-2177-390D-BAE9-C7F81E97AA10}.Shipping|Win64.ActiveCfg = Development|Any CPU
		{01476324-2177-390D-BAE9-C7F81E97AA10}.Shipping|Win64.Build.0 = Development|Any CPU
		{F88BA940-6C47-37A8-8682-31B07B577575}.DebugGame Editor|Win64.ActiveCfg = Development|Any CPU
		{F88BA940-6C47-37A8-8682-31B07B577575}.DebugGame Editor|Win64.Build.0 = Development|Any CPU
		{F88BA940-6C47-37A8-8682-31B07B577575}.DebugGame|Win64.ActiveCfg = Development|Any CPU
		{F88BA940-6C47-37A8-8682-31B07B577575}.DebugGame|Win64.Build.0 = Development|Any CPU
		{F88BA940-6C47-37A8-8682-31B07B577575}.Development Editor|Win64.ActiveCfg = Development|Any CPU
		{F88BA940-6C47-37A8-8682-31B07B577575}.Development Editor|Win64.Build.0 = Development|Any CPU
		{F88BA940-6C47-37A8-8682-31B07B577575}.Development|Win64.ActiveCfg = Development|Any CPU
		{F88BA940-6C47-37A8-8682-31B07B577575}.Development|Win64.Build.0 = Development|Any CPU
		{F88BA940-6C47-37A8-8682-31B07B577575}.Shipping|Win64.ActiveCfg = Development|Any CPU
		{F88BA940-6C47-37A8-8682-31B07B577575}.Shipping|Win64.Build.0 = Development|Any CPU
		{FD794C89-7C4D-31FE-B522-4549DE9EDF99}.DebugGame Editor|Win64.ActiveCfg = Development|Any CPU
		{FD794C89-7C4D-31FE-B522-4549DE9EDF99}.DebugGame Editor|Win64.Build.0 = Development|Any CPU
		{FD794C89-7C4D-31FE-B522-4549DE9EDF99}.DebugGame|Win64.ActiveCfg = Development|Any CPU
		{FD794C89-7C4D-31FE-B522-4549DE9EDF99}.DebugGame|Win64.Build.0 = Development|Any CPU
		{FD794C89-7C4D-31FE-B522-4549DE9EDF99}.Development Editor|Win64.ActiveCfg = Development|Any CPU
		{FD794C89-7C4D-31FE-B522-4549DE9EDF99}.Development Editor|Win64.Build.0 = Development|Any CPU
		{FD794C89-7C4D-31FE-B522-4549DE9EDF99}.Development|Win64.ActiveCfg = Development|Any CPU
		{FD794C89-7C4D-31FE-B522-4549DE9EDF99}.Development|Win64.Build.0 = Development|Any CPU
		{FD794C89-7C4D-31FE-B522-4549DE9EDF99}.Shipping|Win64.ActiveCfg = Development|Any CPU
		{FD794C89-7C4D-31FE-B522-4549DE9EDF99}.Shipping|Win64.Build.0 = Development|Any CPU
		{72489747-582D-35BE-AF93-5FAF001270F8}.DebugGame Editor|Win64.ActiveCfg = Development|Any CPU
		{72489747-582D-35BE-AF93-5FAF001270F8}.DebugGame Editor|Win64.Build.0 = Development|Any CPU
		{72489747-582D-35BE-AF93-5FAF001270F8}.DebugGame|Win64.ActiveCfg = Development|Any CPU
		{72489747-582D-35BE-AF93-5FAF001270F8}.DebugGame|Win64.Build.0 = Development|Any CPU
		{72489747-582D-35BE-AF93-5FAF001270F8}.Development Editor|Win64.ActiveCfg = Development|Any CPU
		{72489747-582D-35BE-AF93-5FAF001270F8}.Development Editor|Win64.Build.0 = Development|Any CPU
		{72489747-582D-35BE-AF93-5FAF001270F8}.Development|Win64.ActiveCfg = Development|Any CPU
		{72489747-582D-35BE-AF93-5FAF001270F8}.Development|Win64.Build.0 = Development|Any CPU
		{72489747-582D-35BE-AF93-5FAF001270F8}.Shipping|Win64.ActiveCfg = Development|Any CPU
		{72489747-582D-35BE-AF93-5FAF001270F8}.Shipping|Win64.Build.0 = Development|Any CPU
		{7BEAF110-BE9B-3EDF-BB69-F4923BE25265}.DebugGame Editor|Win64.ActiveCfg = Development|Any CPU
		{7BEAF110-BE9B-3EDF-BB69-F4923BE25265}.DebugGame Editor|Win64.Build.0 = Development|Any CPU
		{7BEAF110-BE9B-3EDF-BB69-F4923BE25265}.DebugGame|Win64.ActiveCfg = Development|Any CPU
		{7BEAF110-BE9B-3EDF-BB69-F4923BE25265}.DebugGame|Win64.Build.0 = Development|Any CPU
		{7BEAF110-BE9B-3EDF-BB69-F4923BE25265}.Development Editor|Win64.ActiveCfg = Development|Any CPU
		{7BEAF110-BE9B-3EDF-BB69-F4923BE25265}.Development Editor|Win64.Build.0 = Development|Any CPU
		{7BEAF110-BE9B-3EDF-BB69-F4923BE25265}.Development|Win64.ActiveCfg = Development|Any CPU
		{7BEAF110-BE9B-3EDF-BB69-F4923BE25265}.Development|Win64.Build.0 = Development|Any CPU
		{7BEAF110-BE9B-3EDF-BB69-F4923BE25265}.Shipping|Win64.ActiveCfg = Development|Any CPU
		{7BEAF110-BE9B-3EDF-BB69-F4923BE25265}.Shipping|Win64.Build.0 = Development|Any CPU
		{39B8128D-9BC1-385F-B587-E7BD4EC53881}.DebugGame Editor|Win64.ActiveCfg = Development|Any CPU
		{39B8128D-9BC1-385F-B587-E7BD4EC53881}.DebugGame Editor|Win64.Build.0 = Development|Any CPU
		{39B8128D-9BC1-385F-B587-E7BD4EC53881}.DebugGame|Win64.ActiveCfg = Development|Any CPU
		{39B8128D-9BC1-385F-B587-E7BD4EC53881}.DebugGame|Win64.Build.0 = Development|Any CPU
		{39B8128D-9BC1-385F-B587-E7BD4EC53881}.Development Editor|Win64.ActiveCfg = Development|Any CPU
		{39B8128D-9BC1-385F-B587-E7BD4EC53881}.Development Editor|Win64.Build.0 = Development|Any CPU
		{39B8128D-9BC1-385F-B587-E7BD4EC53881}.Development|Win64.ActiveCfg = Development|Any CPU
		{39B8128D-9BC1-385F-B587-E7BD4EC53881}.Development|Win64.Build.0 = Development|Any CPU
		{39B8128D-9BC1-385F-B587-E7BD4EC53881}.Shipping|Win64.ActiveCfg = Development|Any CPU
		{39B8128D-9BC1-385F-B587-E7BD4EC53881}.Shipping|Win64.Build.0 = Development|Any CPU
		{70B6CF65-CF67-3BA6-908D-0504CD8F689D}.DebugGame Editor|Win64.ActiveCfg = Development|Any CPU
		{70B6CF65-CF67-3BA6-908D-0504CD8F689D}.DebugGame Editor|Win64.Build.0 = Development|Any CPU
		{70B6CF65-CF67-3BA6-908D-0504CD8F689D}.DebugGame|Win64.ActiveCfg = Development|Any CPU
		{70B6CF65-CF67-3BA6-908D-0504CD8F689D}.DebugGame|Win64.Build.0 = Development|Any CPU
		{70B6CF65-CF67-3BA6-908D-0504CD8F689D}.Development Editor|Win64.ActiveCfg = Development|Any CPU
		{70B6CF65-CF67-3BA6-908D-0504CD8F689D}.Development Editor|Win64.Build.0 = Development|Any CPU
		{70B6CF65-CF67-3BA6-908D-0504CD8F689D}.Development|Win64.ActiveCfg = Development|Any CPU
		{70B6CF65-CF67-3BA6-908D-0504CD8F689D}.Development|Win64.Build.0 = Development|Any CPU
		{70B6CF65-CF67-3BA6-908D-0504CD8F689D}.Shipping|Win64.ActiveCfg = Development|Any CPU
		{70B6CF65-CF67-3BA6-908D-0504CD8F689D}.Shipping|Win64.Build.0 = Development|Any CPU
		{7B7D5856-3A91-345D-8155-076C5BBE2019}.DebugGame Editor|Win64.ActiveCfg = Development|Any CPU
		{7B7D5856-3A91-345D-8155-076C5BBE2019}.DebugGame Editor|Win64.Build.0 = Development|Any CPU
		{7B7D5856-3A91-345D-8155-076C5BBE2019}.DebugGame|Win64.ActiveCfg = Development|Any CPU
		{7B7D5856-3A91-345D-8155-076C5BBE2019}.DebugGame|Win64.Build.0 = Development|Any CPU
		{7B7D5856-3A91-345D-8155-076C5BBE2019}.Development Editor|Win64.ActiveCfg = Development|Any CPU
		{7B7D5856-3A91-345D-8155-076C5BBE2019}.Development Editor|Win64.Build.0 = Development|Any CPU
		{7B7D5856-3A91-345D-8155-076C5BBE2019}.Development|Win64.ActiveCfg = Development|Any CPU
		{7B7D5856-3A91-345D-8155-076C5BBE2019}.Development|Win64.Build.0 = Development|Any CPU
		{7B7D5856-3A91-345D-8155-076C5BBE2019}.Shipping|Win64.ActiveCfg = Development|Any CPU
		{7B7D5856-3A91-345D-8155-076C5BBE2019}.Shipping|Win64.Build.0 = Development|Any CPU
		{55EFC797-6D0C-372D-90E7-37F53F1524FF}.DebugGame Editor|Win64.ActiveCfg = Development|Any CPU
		{55EFC797-6D0C-372D-90E7-37F53F1524FF}.DebugGame Editor|Win64.Build.0 = Development|Any CPU
		{55EFC797-6D0C-372D-90E7-37F53F1524FF}.DebugGame|Win64.ActiveCfg = Development|Any CPU
		{55EFC797-6D0C-372D-90E7-37F53F1524FF}.DebugGame|Win64.Build.0 = Development|Any CPU
		{55EFC797-6D0C-372D-90E7-37F53F1524FF}.Development Editor|Win64.ActiveCfg = Development|Any CPU
		{55EFC797-6D0C-372D-90E7-37F53F1524FF}.Development Editor|Win64.Build.0 = Development|Any CPU
		{55EFC797-6D0C-372D-90E7-37F53F1524FF}.Development|Win64.ActiveCfg = Development|Any CPU
		{55EFC797-6D0C-372D-90E7-37F53F1524FF}.Development|Win64.Build.0 = Development|Any CPU
		{55EFC797-6D0C-372D-90E7-37F53F1524FF}.Shipping|Win64.ActiveCfg = Development|Any CPU
		{55EFC797-6D0C-372D-90E7-37F53F1524FF}.Shipping|Win64.Build.0 = Development|Any CPU
		{38AA9044-8376-3731-B2D1-C35AE2929615}.DebugGame Editor|Win64.ActiveCfg = Development|Any CPU
		{38AA9044-8376-3731-B2D1-C35AE2929615}.DebugGame Editor|Win64.Build.0 = Development|Any CPU
		{38AA9044-8376-3731-B2D1-C35AE2929615}.DebugGame|Win64.ActiveCfg = Development|Any CPU
		{38AA9044-8376-3731-B2D1-C35AE2929615}.DebugGame|Win64.Build.0 = Development|Any CPU
		{38AA9044-8376-3731-B2D1-C35AE2929615}.Development Editor|Win64.ActiveCfg = Development|Any CPU
		{38AA9044-8376-3731-B2D1-C35AE2929615}.Development Editor|Win64.Build.0 = Development|Any CPU
		{38AA9044-8376-3731-B2D1-C35AE2929615}.Development|Win64.ActiveCfg = Development|Any CPU
		{38AA9044-8376-3731-B2D1-C35AE2929615}.Development|Win64.Build.0 = Development|Any CPU
		{38AA9044-8376-3731-B2D1-C35AE2929615}.Shipping|Win64.ActiveCfg = Development|Any CPU
		{38AA9044-8376-3731-B2D1-C35AE2929615}.Shipping|Win64.Build.0 = Development|Any CPU
		{640FAF55-4F38-3BCF-A55F-3C5DD4E6A0E3}.DebugGame Editor|Win64.ActiveCfg = Development|Any CPU
		{640FAF55-4F38-3BCF-A55F-3C5DD4E6A0E3}.DebugGame Editor|Win64.Build.0 = Development|Any CPU
		{640FAF55-4F38-3BCF-A55F-3C5DD4E6A0E3}.DebugGame|Win64.ActiveCfg = Development|Any CPU
		{640FAF55-4F38-3BCF-A55F-3C5DD4E6A0E3}.DebugGame|Win64.Build.0 = Development|Any CPU
		{640FAF55-4F38-3BCF-A55F-3C5DD4E6A0E3}.Development Editor|Win64.ActiveCfg = Development|Any CPU
		{640FAF55-4F38-3BCF-A55F-3C5DD4E6A0E3}.Development Editor|Win64.Build.0 = Development|Any CPU
		{640FAF55-4F38-3BCF-A55F-3C5DD4E6A0E3}.Development|Win64.ActiveCfg = Development|Any CPU
		{640FAF55-4F38-3BCF-A55F-3C5DD4E6A0E3}.Development|Win64.Build.0 = Development|Any CPU
		{640FAF55-4F38-3BCF-A55F-3C5DD4E6A0E3}.Shipping|Win64.ActiveCfg = Development|Any CPU
		{640FAF55-4F38-3BCF-A55F-3C5DD4E6A0E3}.Shipping|Win64.Build.0 = Development|Any CPU
		{E3F14726-635F-30E1-AE6B-E99937640419}.DebugGame Editor|Win64.ActiveCfg = Development|Any CPU
		{E3F14726-635F-30E1-AE6B-E99937640419}.DebugGame Editor|Win64.Build.0 = Development|Any CPU
		{E3F14726-635F-30E1-AE6B-E99937640419}.DebugGame|Win64.ActiveCfg = Development|Any CPU
		{E3F14726-635F-30E1-AE6B-E99937640419}.DebugGame|Win64.Build.0 = Development|Any CPU
		{E3F14726-635F-30E1-AE6B-E99937640419}.Development Editor|Win64.ActiveCfg = Development|Any CPU
		{E3F14726-635F-30E1-AE6B-E99937640419}.Development Editor|Win64.Build.0 = Development|Any CPU
		{E3F14726-635F-30E1-AE6B-E99937640419}.Development|Win64.ActiveCfg = Development|Any CPU
		{E3F14726-635F-30E1-AE6B-E99937640419}.Development|Win64.Build.0 = Development|Any CPU
		{E3F14726-635F-30E1-AE6B-E99937640419}.Shipping|Win64.ActiveCfg = Development|Any CPU
		{E3F14726-635F-30E1-AE6B-E99937640419}.Shipping|Win64.Build.0 = Development|Any CPU
		{4A832821-55FF-3832-BB03-A35D0D22FA38}.DebugGame Editor|Win64.ActiveCfg = Development|Any CPU
		{4A832821-55FF-3832-BB03-A35D0D22FA38}.DebugGame Editor|Win64.Build.0 = Development|Any CPU
		{4A832821-55FF-3832-BB03-A35D0D22FA38}.DebugGame|Win64.ActiveCfg = Development|Any CPU
		{4A832821-55FF-3832-BB03-A35D0D22FA38}.DebugGame|Win64.Build.0 = Development|Any CPU
		{4A832821-55FF-3832-BB03-A35D0D22FA38}.Development Editor|Win64.ActiveCfg = Development|Any CPU
		{4A832821-55FF-3832-BB03-A35D0D22FA38}.Development Editor|Win64.Build.0 = Development|Any CPU
		{4A832821-55FF-3832-BB03-A35D0D22FA38}.Development|Win64.ActiveCfg = Development|Any CPU
		{4A832821-55FF-3832-BB03-A35D0D22FA38}.Development|Win64.Build.0 = Development|Any CPU
		{4A832821-55FF-3832-BB03-A35D0D22FA38}.Shipping|Win64.ActiveCfg = Development|Any CPU
		{4A832821-55FF-3832-BB03-A35D0D22FA38}.Shipping|Win64.Build.0 = Development|Any CPU
		{3EF2E680-8A12-37AE-AA74-D4A35B8C4AC9}.DebugGame Editor|Win64.ActiveCfg = Development|Any CPU
		{3EF2E680-8A12-37AE-AA74-D4A35B8C4AC9}.DebugGame Editor|Win64.Build.0 = Development|Any CPU
		{3EF2E680-8A12-37AE-AA74-D4A35B8C4AC9}.DebugGame|Win64.ActiveCfg = Development|Any CPU
		{3EF2E680-8A12-37AE-AA74-D4A35B8C4AC9}.DebugGame|Win64.Build.0 = Development|Any CPU
		{3EF2E680-8A12-37AE-AA74-D4A35B8C4AC9}.Development Editor|Win64.ActiveCfg = Development|Any CPU
		{3EF2E680-8A12-37AE-AA74-D4A35B8C4AC9}.Development Editor|Win64.Build.0 = Development|Any CPU
		{3EF2E680-8A12-37AE-AA74-D4A35B8C4AC9}.Development|Win64.ActiveCfg = Development|Any CPU
		{3EF2E680-8A12-37AE-AA74-D4A35B8C4AC9}.Development|Win64.Build.0 = Development|Any CPU
		{3EF2E680-8A12-37AE-AA74-D4A35B8C4AC9}.Shipping|Win64.ActiveCfg = Development|Any CPU
		{3EF2E680-8A12-37AE-AA74-D4A35B8C4AC9}.Shipping|Win64.Build.0 = Development|Any CPU
		{4C716E21-E81B-38E2-B590-7534B972F254}.DebugGame Editor|Win64.ActiveCfg = Development|Any CPU
		{4C716E21-E81B-38E2-B590-7534B972F254}.DebugGame Editor|Win64.Build.0 = Development|Any CPU
		{4C716E21-E81B-38E2-B590-7534B972F254}.DebugGame|Win64.ActiveCfg = Development|Any CPU
		{4C716E21-E81B-38E2-B590-7534B972F254}.DebugGame|Win64.Build.0 = Development|Any CPU
		{4C716E21-E81B-38E2-B590-7534B972F254}.Development Editor|Win64.ActiveCfg = Development|Any CPU
		{4C716E21-E81B-38E2-B590-7534B972F254}.Development Editor|Win64.Build.0 = Development|Any CPU
		{4C716E21-E81B-38E2-B590-7534B972F254}.Development|Win64.ActiveCfg = Development|Any CPU
		{4C716E21-E81B-38E2-B590-7534B972F254}.Development|Win64.Build.0 = Development|Any CPU
		{4C716E21-E81B-38E2-B590-7534B972F254}.Shipping|Win64.ActiveCfg = Development|Any CPU
		{4C716E21-E81B-38E2-B590-7534B972F254}.Shipping|Win64.Build.0 = Development|Any CPU
		{30A81E82-6595-336E-AB9C-2F5612947DB6}.DebugGame Editor|Win64.ActiveCfg = Development|Any CPU
		{30A81E82-6595-336E-AB9C-2F5612947DB6}.DebugGame Editor|Win64.Build.0 = Development|Any CPU
		{30A81E82-6595-336E-AB9C-2F5612947DB6}.DebugGame|Win64.ActiveCfg = Development|Any CPU
		{30A81E82-6595-336E-AB9C-2F5612947DB6}.DebugGame|Win64.Build.0 = Development|Any CPU
		{30A81E82-6595-336E-AB9C-2F5612947DB6}.Development Editor|Win64.ActiveCfg = Development|Any CPU
		{30A81E82-6595-336E-AB9C-2F5612947DB6}.Development Editor|Win64.Build.0 = Development|Any CPU
		{30A81E82-6595-336E-AB9C-2F5612947DB6}.Development|Win64.ActiveCfg = Development|Any CPU
		{30A81E82-6595-336E-AB9C-2F5612947DB6}.Development|Win64.Build.0 = Development|Any CPU
		{30A81E82-6595-336E-AB9C-2F5612947DB6}.Shipping|Win64.ActiveCfg = Development|Any CPU
		{30A81E82-6595-336E-AB9C-2F5612947DB6}.Shipping|Win64.Build.0 = Development|Any CPU
		{3AD63884-1C24-3B0C-80EF-D8ECFE8B996E}.DebugGame Editor|Win64.ActiveCfg = Development|Any CPU
		{3AD63884-1C24-3B0C-80EF-D8ECFE8B996E}.DebugGame Editor|Win64.Build.0 = Development|Any CPU
		{3AD63884-1C24-3B0C-80EF-D8ECFE8B996E}.DebugGame|Win64.ActiveCfg = Development|Any CPU
		{3AD63884-1C24-3B0C-80EF-D8ECFE8B996E}.DebugGame|Win64.Build.0 = Development|Any CPU
		{3AD63884-1C24-3B0C-80EF-D8ECFE8B996E}.Development Editor|Win64.ActiveCfg = Development|Any CPU
		{3AD63884-1C24-3B0C-80EF-D8ECFE8B996E}.Development Editor|Win64.Build.0 = Development|Any CPU
		{3AD63884-1C24-3B0C-80EF-D8ECFE8B996E}.Development|Win64.ActiveCfg = Development|Any CPU
		{3AD63884-1C24-3B0C-80EF-D8ECFE8B996E}.Development|Win64.Build.0 = Development|Any CPU
		{3AD63884-1C24-3B0C-80EF-D8ECFE8B996E}.Shipping|Win64.ActiveCfg = Development|Any CPU
		{3AD63884-1C24-3B0C-80EF-D8ECFE8B996E}.Shipping|Win64.Build.0 = Development|Any CPU
		{7A59EBEE-6483-39B6-A74F-4819BE5FAE84}.DebugGame Editor|Win64.ActiveCfg = Development|Any CPU
		{7A59EBEE-6483-39B6-A74F-4819BE5FAE84}.DebugGame Editor|Win64.Build.0 = Development|Any CPU
		{7A59EBEE-6483-39B6-A74F-4819BE5FAE84}.DebugGame|Win64.ActiveCfg = Development|Any CPU
		{7A59EBEE-6483-39B6-A74F-4819BE5FAE84}.DebugGame|Win64.Build.0 = Development|Any CPU
		{7A59EBEE-6483-39B6-A74F-4819BE5FAE84}.Development Editor|Win64.ActiveCfg = Development|Any CPU
		{7A59EBEE-6483-39B6-A74F-4819BE5FAE84}.Development Editor|Win64.Build.0 = Development|Any CPU
		{7A59EBEE-6483-39B6-A74F-4819BE5FAE84}.Development|Win64.ActiveCfg = Development|Any CPU
		{7A59EBEE-6483-39B6-A74F-4819BE5FAE84}.Development|Win64.Build.0 = Development|Any CPU
		{7A59EBEE-6483-39B6-A74F-4819BE5FAE84}.Shipping|Win64.ActiveCfg = Development|Any CPU
		{7A59EBEE-6483-39B6-A74F-4819BE5FAE84}.Shipping|Win64.Build.0 = Development|Any CPU
		{92CE4598-EB8A-31FB-9866-ADD00A480C23}.DebugGame Editor|Win64.ActiveCfg = Development|Any CPU
		{92CE4598-EB8A-31FB-9866-ADD00A480C23}.DebugGame Editor|Win64.Build.0 = Development|Any CPU
		{92CE4598-EB8A-31FB-9866-ADD00A480C23}.DebugGame|Win64.ActiveCfg = Development|Any CPU
		{92CE4598-EB8A-31FB-9866-ADD00A480C23}.DebugGame|Win64.Build.0 = Development|Any CPU
		{92CE4598-EB8A-31FB-9866-ADD00A480C23}.Development Editor|Win64.ActiveCfg = Development|Any CPU
		{92CE4598-EB8A-31FB-9866-ADD00A480C23}.Development Editor|Win64.Build.0 = Development|Any CPU
		{92CE4598-EB8A-31FB-9866-ADD00A480C23}.Development|Win64.ActiveCfg = Development|Any CPU
		{92CE4598-EB8A-31FB-9866-ADD00A480C23}.Development|Win64.Build.0 = Development|Any CPU
		{92CE4598-EB8A-31FB-9866-ADD00A480C23}.Shipping|Win64.ActiveCfg = Development|Any CPU
		{92CE4598-EB8A-31FB-9866-ADD00A480C23}.Shipping|Win64.Build.0 = Development|Any CPU
		{5BFE6338-ADBA-3616-AC47-DC11A5231B21}.DebugGame Editor|Win64.ActiveCfg = Development|Any CPU
		{5BFE6338-ADBA-3616-AC47-DC11A5231B21}.DebugGame Editor|Win64.Build.0 = Development|Any CPU
		{5BFE6338-ADBA-3616-AC47-DC11A5231B21}.DebugGame|Win64.ActiveCfg = Development|Any CPU
		{5BFE6338-ADBA-3616-AC47-DC11A5231B21}.DebugGame|Win64.Build.0 = Development|Any CPU
		{5BFE6338-ADBA-3616-AC47-DC11A5231B21}.Development Editor|Win64.ActiveCfg = Development|Any CPU
		{5BFE6338-ADBA-3616-AC47-DC11A5231B21}.Development Editor|Win64.Build.0 = Development|Any CPU
		{5BFE6338-ADBA-3616-AC47-DC11A5231B21}.Development|Win64.ActiveCfg = Development|Any CPU
		{5BFE6338-ADBA-3616-AC47-DC11A5231B21}.Development|Win64.Build.0 = Development|Any CPU
		{5BFE6338-ADBA-3616-AC47-DC11A5231B21}.Shipping|Win64.ActiveCfg = Development|Any CPU
		{5BFE6338-ADBA-3616-AC47-DC11A5231B21}.Shipping|Win64.Build.0 = Development|Any CPU
		{F32D4C91-9F7A-331D-92AD-7E8026C63F5D}.DebugGame Editor|Win64.ActiveCfg = Development|Any CPU
		{F32D4C91-9F7A-331D-92AD-7E8026C63F5D}.DebugGame Editor|Win64.Build.0 = Development|Any CPU
		{F32D4C91-9F7A-331D-92AD-7E8026C63F5D}.DebugGame|Win64.ActiveCfg = Development|Any CPU
		{F32D4C91-9F7A-331D-92AD-7E8026C63F5D}.DebugGame|Win64.Build.0 = Development|Any CPU
		{F32D4C91-9F7A-331D-92AD-7E8026C63F5D}.Development Editor|Win64.ActiveCfg = Development|Any CPU
		{F32D4C91-9F7A-331D-92AD-7E8026C63F5D}.Development Editor|Win64.Build.0 = Development|Any CPU
		{F32D4C91-9F7A-331D-92AD-7E8026C63F5D}.Development|Win64.ActiveCfg = Development|Any CPU
		{F32D4C91-9F7A-331D-92AD-7E8026C63F5D}.Development|Win64.Build.0 = Development|Any CPU
		{F32D4C91-9F7A-331D-92AD-7E8026C63F5D}.Shipping|Win64.ActiveCfg = Development|Any CPU
		{F32D4C91-9F7A-331D-92AD-7E8026C63F5D}.Shipping|Win64.Build.0 = Development|Any CPU
		{F2BDC3E7-80A0-3711-AADE-81742E4C3A49}.DebugGame Editor|Win64.ActiveCfg = Development|Any CPU
		{F2BDC3E7-80A0-3711-AADE-81742E4C3A49}.DebugGame Editor|Win64.Build.0 = Development|Any CPU
		{F2BDC3E7-80A0-3711-AADE-81742E4C3A49}.DebugGame|Win64.ActiveCfg = Development|Any CPU
		{F2BDC3E7-80A0-3711-AADE-81742E4C3A49}.DebugGame|Win64.Build.0 = Development|Any CPU
		{F2BDC3E7-80A0-3711-AADE-81742E4C3A49}.Development Editor|Win64.ActiveCfg = Development|Any CPU
		{F2BDC3E7-80A0-3711-AADE-81742E4C3A49}.Development Editor|Win64.Build.0 = Development|Any CPU
		{F2BDC3E7-80A0-3711-AADE-81742E4C3A49}.Development|Win64.ActiveCfg = Development|Any CPU
		{F2BDC3E7-80A0-3711-AADE-81742E4C3A49}.Development|Win64.Build.0 = Development|Any CPU
		{F2BDC3E7-80A0-3711-AADE-81742E4C3A49}.Shipping|Win64.ActiveCfg = Development|Any CPU
		{F2BDC3E7-80A0-3711-AADE-81742E4C3A49}.Shipping|Win64.Build.0 = Development|Any CPU
		{6047A0E6-3F31-3A75-92E1-21BC42663572}.DebugGame Editor|Win64.ActiveCfg = Development|Any CPU
		{6047A0E6-3F31-3A75-92E1-21BC42663572}.DebugGame Editor|Win64.Build.0 = Development|Any CPU
		{6047A0E6-3F31-3A75-92E1-21BC42663572}.DebugGame|Win64.ActiveCfg = Development|Any CPU
		{6047A0E6-3F31-3A75-92E1-21BC42663572}.DebugGame|Win64.Build.0 = Development|Any CPU
		{6047A0E6-3F31-3A75-92E1-21BC42663572}.Development Editor|Win64.ActiveCfg = Development|Any CPU
		{6047A0E6-3F31-3A75-92E1-21BC42663572}.Development Editor|Win64.Build.0 = Development|Any CPU
		{6047A0E6-3F31-3A75-92E1-21BC42663572}.Development|Win64.ActiveCfg = Development|Any CPU
		{6047A0E6-3F31-3A75-92E1-21BC42663572}.Development|Win64.Build.0 = Development|Any CPU
		{6047A0E6-3F31-3A75-92E1-21BC42663572}.Shipping|Win64.ActiveCfg = Development|Any CPU
		{6047A0E6-3F31-3A75-92E1-21BC42663572}.Shipping|Win64.Build.0 = Development|Any CPU
		{05ABB822-304B-3AE0-B5D8-F54652B8B7E2}.DebugGame Editor|Win64.ActiveCfg = Development|Any CPU
		{05ABB822-304B-3AE0-B5D8-F54652B8B7E2}.DebugGame Editor|Win64.Build.0 = Development|Any CPU
		{05ABB822-304B-3AE0-B5D8-F54652B8B7E2}.DebugGame|Win64.ActiveCfg = Development|Any CPU
		{05ABB822-304B-3AE0-B5D8-F54652B8B7E2}.DebugGame|Win64.Build.0 = Development|Any CPU
		{05ABB822-304B-3AE0-B5D8-F54652B8B7E2}.Development Editor|Win64.ActiveCfg = Development|Any CPU
		{05ABB822-304B-3AE0-B5D8-F54652B8B7E2}.Development Editor|Win64.Build.0 = Development|Any CPU
		{05ABB822-304B-3AE0-B5D8-F54652B8B7E2}.Development|Win64.ActiveCfg = Development|Any CPU
		{05ABB822-304B-3AE0-B5D8-F54652B8B7E2}.Development|Win64.Build.0 = Development|Any CPU
		{05ABB822-304B-3AE0-B5D8-F54652B8B7E2}.Shipping|Win64.ActiveCfg = Development|Any CPU
		{05ABB822-304B-3AE0-B5D8-F54652B8B7E2}.Shipping|Win64.Build.0 = Development|Any CPU
		{AB02DE7B-F009-3FE2-ADDD-B19F48F91EB1}.DebugGame Editor|Win64.ActiveCfg = Development|Any CPU
		{AB02DE7B-F009-3FE2-ADDD-B19F48F91EB1}.DebugGame Editor|Win64.Build.0 = Development|Any CPU
		{AB02DE7B-F009-3FE2-ADDD-B19F48F91EB1}.DebugGame|Win64.ActiveCfg = Development|Any CPU
		{AB02DE7B-F009-3FE2-ADDD-B19F48F91EB1}.DebugGame|Win64.Build.0 = Development|Any CPU
		{AB02DE7B-F009-3FE2-ADDD-B19F48F91EB1}.Development Editor|Win64.ActiveCfg = Development|Any CPU
		{AB02DE7B-F009-3FE2-ADDD-B19F48F91EB1}.Development Editor|Win64.Build.0 = Development|Any CPU
		{AB02DE7B-F009-3FE2-ADDD-B19F48F91EB1}.Development|Win64.ActiveCfg = Development|Any CPU
		{AB02DE7B-F009-3FE2-ADDD-B19F48F91EB1}.Development|Win64.Build.0 = Development|Any CPU
		{AB02DE7B-F009-3FE2-ADDD-B19F48F91EB1}.Shipping|Win64.ActiveCfg = Development|Any CPU
		{AB02DE7B-F009-3FE2-ADDD-B19F48F91EB1}.Shipping|Win64.Build.0 = Development|Any CPU
		{14DAD897-954F-3CA7-A92B-B7113F8F5EED}.DebugGame Editor|Win64.ActiveCfg = Development|Any CPU
		{14DAD897-954F-3CA7-A92B-B7113F8F5EED}.DebugGame Editor|Win64.Build.0 = Development|Any CPU
		{14DAD897-954F-3CA7-A92B-B7113F8F5EED}.DebugGame|Win64.ActiveCfg = Development|Any CPU
		{14DAD897-954F-3CA7-A92B-B7113F8F5EED}.DebugGame|Win64.Build.0 = Development|Any CPU
		{14DAD897-954F-3CA7-A92B-B7113F8F5EED}.Development Editor|Win64.ActiveCfg = Development|Any CPU
		{14DAD897-954F-3CA7-A92B-B7113F8F5EED}.Development Editor|Win64.Build.0 = Development|Any CPU
		{14DAD897-954F-3CA7-A92B-B7113F8F5EED}.Development|Win64.ActiveCfg = Development|Any CPU
		{14DAD897-954F-3CA7-A92B-B7113F8F5EED}.Development|Win64.Build.0 = Development|Any CPU
		{14DAD897-954F-3CA7-A92B-B7113F8F5EED}.Shipping|Win64.ActiveCfg = Development|Any CPU
		{14DAD897-954F-3CA7-A92B-B7113F8F5EED}.Shipping|Win64.Build.0 = Development|Any CPU
		{29921253-4902-3E66-9835-54B4E3D0A6BB}.DebugGame Editor|Win64.ActiveCfg = Development|Any CPU
		{29921253-4902-3E66-9835-54B4E3D0A6BB}.DebugGame Editor|Win64.Build.0 = Development|Any CPU
		{29921253-4902-3E66-9835-54B4E3D0A6BB}.DebugGame|Win64.ActiveCfg = Development|Any CPU
		{29921253-4902-3E66-9835-54B4E3D0A6BB}.DebugGame|Win64.Build.0 = Development|Any CPU
		{29921253-4902-3E66-9835-54B4E3D0A6BB}.Development Editor|Win64.ActiveCfg = Development|Any CPU
		{29921253-4902-3E66-9835-54B4E3D0A6BB}.Development Editor|Win64.Build.0 = Development|Any CPU
		{29921253-4902-3E66-9835-54B4E3D0A6BB}.Development|Win64.ActiveCfg = Development|Any CPU
		{29921253-4902-3E66-9835-54B4E3D0A6BB}.Development|Win64.Build.0 = Development|Any CPU
		{29921253-4902-3E66-9835-54B4E3D0A6BB}.Shipping|Win64.ActiveCfg = Development|Any CPU
		{29921253-4902-3E66-9835-54B4E3D0A6BB}.Shipping|Win64.Build.0 = Development|Any CPU
		{CBB842FA-C48B-3B30-A37E-3D0CC88D7E4A}.DebugGame Editor|Win64.ActiveCfg = Development|Any CPU
		{CBB842FA-C48B-3B30-A37E-3D0CC88D7E4A}.DebugGame Editor|Win64.Build.0 = Development|Any CPU
		{CBB842FA-C48B-3B30-A37E-3D0CC88D7E4A}.DebugGame|Win64.ActiveCfg = Development|Any CPU
		{CBB842FA-C48B-3B30-A37E-3D0CC88D7E4A}.DebugGame|Win64.Build.0 = Development|Any CPU
		{CBB842FA-C48B-3B30-A37E-3D0CC88D7E4A}.Development Editor|Win64.ActiveCfg = Development|Any CPU
		{CBB842FA-C48B-3B30-A37E-3D0CC88D7E4A}.Development Editor|Win64.Build.0 = Development|Any CPU
		{CBB842FA-C48B-3B30-A37E-3D0CC88D7E4A}.Development|Win64.ActiveCfg = Development|Any CPU
		{CBB842FA-C48B-3B30-A37E-3D0CC88D7E4A}.Development|Win64.Build.0 = Development|Any CPU
		{CBB842FA-C48B-3B30-A37E-3D0CC88D7E4A}.Shipping|Win64.ActiveCfg = Development|Any CPU
		{CBB842FA-C48B-3B30-A37E-3D0CC88D7E4A}.Shipping|Win64.Build.0 = Development|Any CPU
		{BEFBE784-A280-307D-9A2D-E47EB2A30436}.DebugGame Editor|Win64.ActiveCfg = Development|Any CPU
		{BEFBE784-A280-307D-9A2D-E47EB2A30436}.DebugGame Editor|Win64.Build.0 = Development|Any CPU
		{BEFBE784-A280-307D-9A2D-E47EB2A30436}.DebugGame|Win64.ActiveCfg = Development|Any CPU
		{BEFBE784-A280-307D-9A2D-E47EB2A30436}.DebugGame|Win64.Build.0 = Development|Any CPU
		{BEFBE784-A280-307D-9A2D-E47EB2A30436}.Development Editor|Win64.ActiveCfg = Development|Any CPU
		{BEFBE784-A280-307D-9A2D-E47EB2A30436}.Development Editor|Win64.Build.0 = Development|Any CPU
		{BEFBE784-A280-307D-9A2D-E47EB2A30436}.Development|Win64.ActiveCfg = Development|Any CPU
		{BEFBE784-A280-307D-9A2D-E47EB2A30436}.Development|Win64.Build.0 = Development|Any CPU
		{BEFBE784-A280-307D-9A2D-E47EB2A30436}.Shipping|Win64.ActiveCfg = Development|Any CPU
		{BEFBE784-A280-307D-9A2D-E47EB2A30436}.Shipping|Win64.Build.0 = Development|Any CPU
		{EB82DBFF-E86A-3E85-9F87-0C4B1BD286C0}.DebugGame Editor|Win64.ActiveCfg = Development|Any CPU
		{EB82DBFF-E86A-3E85-9F87-0C4B1BD286C0}.DebugGame Editor|Win64.Build.0 = Development|Any CPU
		{EB82DBFF-E86A-3E85-9F87-0C4B1BD286C0}.DebugGame|Win64.ActiveCfg = Development|Any CPU
		{EB82DBFF-E86A-3E85-9F87-0C4B1BD286C0}.DebugGame|Win64.Build.0 = Development|Any CPU
		{EB82DBFF-E86A-3E85-9F87-0C4B1BD286C0}.Development Editor|Win64.ActiveCfg = Development|Any CPU
		{EB82DBFF-E86A-3E85-9F87-0C4B1BD286C0}.Development Editor|Win64.Build.0 = Development|Any CPU
		{EB82DBFF-E86A-3E85-9F87-0C4B1BD286C0}.Development|Win64.ActiveCfg = Development|Any CPU
		{EB82DBFF-E86A-3E85-9F87-0C4B1BD286C0}.Development|Win64.Build.0 = Development|Any CPU
		{EB82DBFF-E86A-3E85-9F87-0C4B1BD286C0}.Shipping|Win64.ActiveCfg = Development|Any CPU
		{EB82DBFF-E86A-3E85-9F87-0C4B1BD286C0}.Shipping|Win64.Build.0 = Development|Any CPU
		{39AB57A8-892D-35B7-9EB7-358F93F5C214}.DebugGame Editor|Win64.ActiveCfg = Development|Any CPU
		{39AB57A8-892D-35B7-9EB7-358F93F5C214}.DebugGame Editor|Win64.Build.0 = Development|Any CPU
		{39AB57A8-892D-35B7-9EB7-358F93F5C214}.DebugGame|Win64.ActiveCfg = Development|Any CPU
		{39AB57A8-892D-35B7-9EB7-358F93F5C214}.DebugGame|Win64.Build.0 = Development|Any CPU
		{39AB57A8-892D-35B7-9EB7-358F93F5C214}.Development Editor|Win64.ActiveCfg = Development|Any CPU
		{39AB57A8-892D-35B7-9EB7-358F93F5C214}.Development Editor|Win64.Build.0 = Development|Any CPU
		{39AB57A8-892D-35B7-9EB7-358F93F5C214}.Development|Win64.ActiveCfg = Development|Any CPU
		{39AB57A8-892D-35B7-9EB7-358F93F5C214}.Development|Win64.Build.0 = Development|Any CPU
		{39AB57A8-892D-35B7-9EB7-358F93F5C214}.Shipping|Win64.ActiveCfg = Development|Any CPU
		{39AB57A8-892D-35B7-9EB7-358F93F5C214}.Shipping|Win64.Build.0 = Development|Any CPU
		{A5BD3ACB-194B-39FD-ACD4-77E155234D5A}.DebugGame Editor|Win64.ActiveCfg = Development|Any CPU
		{A5BD3ACB-194B-39FD-ACD4-77E155234D5A}.DebugGame Editor|Win64.Build.0 = Development|Any CPU
		{A5BD3ACB-194B-39FD-ACD4-77E155234D5A}.DebugGame|Win64.ActiveCfg = Development|Any CPU
		{A5BD3ACB-194B-39FD-ACD4-77E155234D5A}.DebugGame|Win64.Build.0 = Development|Any CPU
		{A5BD3ACB-194B-39FD-ACD4-77E155234D5A}.Development Editor|Win64.ActiveCfg = Development|Any CPU
		{A5BD3ACB-194B-39FD-ACD4-77E155234D5A}.Development Editor|Win64.Build.0 = Development|Any CPU
		{A5BD3ACB-194B-39FD-ACD4-77E155234D5A}.Development|Win64.ActiveCfg = Development|Any CPU
		{A5BD3ACB-194B-39FD-ACD4-77E155234D5A}.Development|Win64.Build.0 = Development|Any CPU
		{A5BD3ACB-194B-39FD-ACD4-77E155234D5A}.Shipping|Win64.ActiveCfg = Development|Any CPU
		{A5BD3ACB-194B-39FD-ACD4-77E155234D5A}.Shipping|Win64.Build.0 = Development|Any CPU
		{9A345194-6255-3373-8463-EBD6822EB831}.DebugGame Editor|Win64.ActiveCfg = Development|Any CPU
		{9A345194-6255-3373-8463-EBD6822EB831}.DebugGame Editor|Win64.Build.0 = Development|Any CPU
		{9A345194-6255-3373-8463-EBD6822EB831}.DebugGame|Win64.ActiveCfg = Development|Any CPU
		{9A345194-6255-3373-8463-EBD6822EB831}.DebugGame|Win64.Build.0 = Development|Any CPU
		{9A345194-6255-3373-8463-EBD6822EB831}.Development Editor|Win64.ActiveCfg = Development|Any CPU
		{9A345194-6255-3373-8463-EBD6822EB831}.Development Editor|Win64.Build.0 = Development|Any CPU
		{9A345194-6255-3373-8463-EBD6822EB831}.Development|Win64.ActiveCfg = Development|Any CPU
		{9A345194-6255-3373-8463-EBD6822EB831}.Development|Win64.Build.0 = Development|Any CPU
		{9A345194-6255-3373-8463-EBD6822EB831}.Shipping|Win64.ActiveCfg = Development|Any CPU
		{9A345194-6255-3373-8463-EBD6822EB831}.Shipping|Win64.Build.0 = Development|Any CPU
		{5829620F-3E76-3F94-B329-C254236E63A5}.DebugGame Editor|Win64.ActiveCfg = Development|Any CPU
		{5829620F-3E76-3F94-B329-C254236E63A5}.DebugGame Editor|Win64.Build.0 = Development|Any CPU
		{5829620F-3E76-3F94-B329-C254236E63A5}.DebugGame|Win64.ActiveCfg = Development|Any CPU
		{5829620F-3E76-3F94-B329-C254236E63A5}.DebugGame|Win64.Build.0 = Development|Any CPU
		{5829620F-3E76-3F94-B329-C254236E63A5}.Development Editor|Win64.ActiveCfg = Development|Any CPU
		{5829620F-3E76-3F94-B329-C254236E63A5}.Development Editor|Win64.Build.0 = Development|Any CPU
		{5829620F-3E76-3F94-B329-C254236E63A5}.Development|Win64.ActiveCfg = Development|Any CPU
		{5829620F-3E76-3F94-B329-C254236E63A5}.Development|Win64.Build.0 = Development|Any CPU
		{5829620F-3E76-3F94-B329-C254236E63A5}.Shipping|Win64.ActiveCfg = Development|Any CPU
		{5829620F-3E76-3F94-B329-C254236E63A5}.Shipping|Win64.Build.0 = Development|Any CPU
		{0660CE0D-E3C5-339C-8220-1E8E51A78D2B}.DebugGame Editor|Win64.ActiveCfg = Development|Any CPU
		{0660CE0D-E3C5-339C-8220-1E8E51A78D2B}.DebugGame Editor|Win64.Build.0 = Development|Any CPU
		{0660CE0D-E3C5-339C-8220-1E8E51A78D2B}.DebugGame|Win64.ActiveCfg = Development|Any CPU
		{0660CE0D-E3C5-339C-8220-1E8E51A78D2B}.DebugGame|Win64.Build.0 = Development|Any CPU
		{0660CE0D-E3C5-339C-8220-1E8E51A78D2B}.Development Editor|Win64.ActiveCfg = Development|Any CPU
		{0660CE0D-E3C5-339C-8220-1E8E51A78D2B}.Development Editor|Win64.Build.0 = Development|Any CPU
		{0660CE0D-E3C5-339C-8220-1E8E51A78D2B}.Development|Win64.ActiveCfg = Development|Any CPU
		{0660CE0D-E3C5-339C-8220-1E8E51A78D2B}.Development|Win64.Build.0 = Development|Any CPU
		{0660CE0D-E3C5-339C-8220-1E8E51A78D2B}.Shipping|Win64.ActiveCfg = Development|Any CPU
		{0660CE0D-E3C5-339C-8220-1E8E51A78D2B}.Shipping|Win64.Build.0 = Development|Any CPU
		{099FB5AF-9A6E-3F18-A67C-8C320C379D29}.DebugGame Editor|Win64.ActiveCfg = Development|Any CPU
		{099FB5AF-9A6E-3F18-A67C-8C320C379D29}.DebugGame Editor|Win64.Build.0 = Development|Any CPU
		{099FB5AF-9A6E-3F18-A67C-8C320C379D29}.DebugGame|Win64.ActiveCfg = Development|Any CPU
		{099FB5AF-9A6E-3F18-A67C-8C320C379D29}.DebugGame|Win64.Build.0 = Development|Any CPU
		{099FB5AF-9A6E-3F18-A67C-8C320C379D29}.Development Editor|Win64.ActiveCfg = Development|Any CPU
		{099FB5AF-9A6E-3F18-A67C-8C320C379D29}.Development Editor|Win64.Build.0 = Development|Any CPU
		{099FB5AF-9A6E-3F18-A67C-8C320C379D29}.Development|Win64.ActiveCfg = Development|Any CPU
		{099FB5AF-9A6E-3F18-A67C-8C320C379D29}.Development|Win64.Build.0 = Development|Any CPU
		{099FB5AF-9A6E-3F18-A67C-8C320C379D29}.Shipping|Win64.ActiveCfg = Development|Any CPU
		{099FB5AF-9A6E-3F18-A67C-8C320C379D29}.Shipping|Win64.Build.0 = Development|Any CPU
		{80FE6973-80F8-3CBA-B0C2-7F7FD7820114}.DebugGame Editor|Win64.ActiveCfg = Development|Any CPU
		{80FE6973-80F8-3CBA-B0C2-7F7FD7820114}.DebugGame Editor|Win64.Build.0 = Development|Any CPU
		{80FE6973-80F8-3CBA-B0C2-7F7FD7820114}.DebugGame|Win64.ActiveCfg = Development|Any CPU
		{80FE6973-80F8-3CBA-B0C2-7F7FD7820114}.DebugGame|Win64.Build.0 = Development|Any CPU
		{80FE6973-80F8-3CBA-B0C2-7F7FD7820114}.Development Editor|Win64.ActiveCfg = Development|Any CPU
		{80FE6973-80F8-3CBA-B0C2-7F7FD7820114}.Development Editor|Win64.Build.0 = Development|Any CPU
		{80FE6973-80F8-3CBA-B0C2-7F7FD7820114}.Development|Win64.ActiveCfg = Development|Any CPU
		{80FE6973-80F8-3CBA-B0C2-7F7FD7820114}.Development|Win64.Build.0 = Development|Any CPU
		{80FE6973-80F8-3CBA-B0C2-7F7FD7820114}.Shipping|Win64.ActiveCfg = Development|Any CPU
		{80FE6973-80F8-3CBA-B0C2-7F7FD7820114}.Shipping|Win64.Build.0 = Development|Any CPU
		{2880B4B4-FFD7-38C1-9569-B29EFDCB9B61}.DebugGame Editor|Win64.ActiveCfg = Development|Any CPU
		{2880B4B4-FFD7-38C1-9569-B29EFDCB9B61}.DebugGame Editor|Win64.Build.0 = Development|Any CPU
		{2880B4B4-FFD7-38C1-9569-B29EFDCB9B61}.DebugGame|Win64.ActiveCfg = Development|Any CPU
		{2880B4B4-FFD7-38C1-9569-B29EFDCB9B61}.DebugGame|Win64.Build.0 = Development|Any CPU
		{2880B4B4-FFD7-38C1-9569-B29EFDCB9B61}.Development Editor|Win64.ActiveCfg = Development|Any CPU
		{2880B4B4-FFD7-38C1-9569-B29EFDCB9B61}.Development Editor|Win64.Build.0 = Development|Any CPU
		{2880B4B4-FFD7-38C1-9569-B29EFDCB9B61}.Development|Win64.ActiveCfg = Development|Any CPU
		{2880B4B4-FFD7-38C1-9569-B29EFDCB9B61}.Development|Win64.Build.0 = Development|Any CPU
		{2880B4B4-FFD7-38C1-9569-B29EFDCB9B61}.Shipping|Win64.ActiveCfg = Development|Any CPU
		{2880B4B4-FFD7-38C1-9569-B29EFDCB9B61}.Shipping|Win64.Build.0 = Development|Any CPU
	EndGlobalSection
	GlobalSection(SolutionProperties) = preSolution
		HideSolutionNode = FALSE
	EndGlobalSection
	GlobalSection(NestedProjects) = preSolution
		{AC338AC5-9F9A-390F-9305-7EC0FE082E1D} = {233774A8-CC9D-3FA9-86D1-90573E92B704}
		{8D44F5D6-9DD8-3A90-9C8B-981E63405B18} = {DE1F8B53-6C02-3C13-9101-A7C8D96F3FF6}
		{216242E9-B483-3983-973D-9C6D8957D96D} = {A338B9E2-A559-34BE-A46D-F789DD488FAD}
		{3B780DE2-E697-3D08-BA9A-44625517072B} = {A338B9E2-A559-34BE-A46D-F789DD488FAD}
		{0BFBE63A-B98A-3411-8EEB-8918FEC737B3} = {A338B9E2-A559-34BE-A46D-F789DD488FAD}
		{7B5CFB44-F0FB-31DF-AE62-C3C096A29A7B} = {A338B9E2-A559-34BE-A46D-F789DD488FAD}
		{57713676-9DBE-331C-AD10-26632AC9EE0C} = {A338B9E2-A559-34BE-A46D-F789DD488FAD}
		{E27591B8-5B45-36C9-AE2B-64F8111E5BCA} = {0BFBE63A-B98A-3411-8EEB-8918FEC737B3}
		{536C7EF8-9A93-36E2-A177-3266620CBAE9} = {0BFBE63A-B98A-3411-8EEB-8918FEC737B3}
		{F76AFB24-09A4-361C-8920-82E1D37B9D8A} = {0BFBE63A-B98A-3411-8EEB-8918FEC737B3}
		{7F8368DB-797B-335C-B576-E56A2F2957F0} = {0BFBE63A-B98A-3411-8EEB-8918FEC737B3}
		{D6FACF49-BF5E-3FDC-A8E6-02CBC2186337} = {0BFBE63A-B98A-3411-8EEB-8918FEC737B3}
		{7D38DDAA-50D6-3F7F-A3EA-00A30A13F125} = {0BFBE63A-B98A-3411-8EEB-8918FEC737B3}
		{C3159760-0F7E-3127-9B92-A9C7711FD8E2} = {0BFBE63A-B98A-3411-8EEB-8918FEC737B3}
		{01476324-2177-390D-BAE9-C7F81E97AA10} = {0BFBE63A-B98A-3411-8EEB-8918FEC737B3}
		{F88BA940-6C47-37A8-8682-31B07B577575} = {0BFBE63A-B98A-3411-8EEB-8918FEC737B3}
		{FD794C89-7C4D-31FE-B522-4549DE9EDF99} = {0BFBE63A-B98A-3411-8EEB-8918FEC737B3}
		{72489747-582D-35BE-AF93-5FAF001270F8} = {0BFBE63A-B98A-3411-8EEB-8918FEC737B3}
		{7BEAF110-BE9B-3EDF-BB69-F4923BE25265} = {0BFBE63A-B98A-3411-8EEB-8918FEC737B3}
		{39B8128D-9BC1-385F-B587-E7BD4EC53881} = {0BFBE63A-B98A-3411-8EEB-8918FEC737B3}
		{70B6CF65-CF67-3BA6-908D-0504CD8F689D} = {0BFBE63A-B98A-3411-8EEB-8918FEC737B3}
		{7B7D5856-3A91-345D-8155-076C5BBE2019} = {0BFBE63A-B98A-3411-8EEB-8918FEC737B3}
		{55EFC797-6D0C-372D-90E7-37F53F1524FF} = {0BFBE63A-B98A-3411-8EEB-8918FEC737B3}
		{38AA9044-8376-3731-B2D1-C35AE2929615} = {0BFBE63A-B98A-3411-8EEB-8918FEC737B3}
		{640FAF55-4F38-3BCF-A55F-3C5DD4E6A0E3} = {0BFBE63A-B98A-3411-8EEB-8918FEC737B3}
		{E3F14726-635F-30E1-AE6B-E99937640419} = {0BFBE63A-B98A-3411-8EEB-8918FEC737B3}
		{4A832821-55FF-3832-BB03-A35D0D22FA38} = {0BFBE63A-B98A-3411-8EEB-8918FEC737B3}
		{3EF2E680-8A12-37AE-AA74-D4A35B8C4AC9} = {7B5CFB44-F0FB-31DF-AE62-C3C096A29A7B}
		{4C716E21-E81B-38E2-B590-7534B972F254} = {57713676-9DBE-331C-AD10-26632AC9EE0C}
		{30A81E82-6595-336E-AB9C-2F5612947DB6} = {57713676-9DBE-331C-AD10-26632AC9EE0C}
		{3AD63884-1C24-3B0C-80EF-D8ECFE8B996E} = {57713676-9DBE-331C-AD10-26632AC9EE0C}
		{7A59EBEE-6483-39B6-A74F-4819BE5FAE84} = {57713676-9DBE-331C-AD10-26632AC9EE0C}
		{92CE4598-EB8A-31FB-9866-ADD00A480C23} = {57713676-9DBE-331C-AD10-26632AC9EE0C}
		{5BFE6338-ADBA-3616-AC47-DC11A5231B21} = {57713676-9DBE-331C-AD10-26632AC9EE0C}
		{F32D4C91-9F7A-331D-92AD-7E8026C63F5D} = {57713676-9DBE-331C-AD10-26632AC9EE0C}
		{F2BDC3E7-80A0-3711-AADE-81742E4C3A49} = {57713676-9DBE-331C-AD10-26632AC9EE0C}
		{6047A0E6-3F31-3A75-92E1-21BC42663572} = {57713676-9DBE-331C-AD10-26632AC9EE0C}
		{05ABB822-304B-3AE0-B5D8-F54652B8B7E2} = {57713676-9DBE-331C-AD10-26632AC9EE0C}
		{AB02DE7B-F009-3FE2-ADDD-B19F48F91EB1} = {57713676-9DBE-331C-AD10-26632AC9EE0C}
		{14DAD897-954F-3CA7-A92B-B7113F8F5EED} = {57713676-9DBE-331C-AD10-26632AC9EE0C}
		{29921253-4902-3E66-9835-54B4E3D0A6BB} = {57713676-9DBE-331C-AD10-26632AC9EE0C}
		{CBB842FA-C48B-3B30-A37E-3D0CC88D7E4A} = {57713676-9DBE-331C-AD10-26632AC9EE0C}
		{BEFBE784-A280-307D-9A2D-E47EB2A30436} = {57713676-9DBE-331C-AD10-26632AC9EE0C}
		{EB82DBFF-E86A-3E85-9F87-0C4B1BD286C0} = {57713676-9DBE-331C-AD10-26632AC9EE0C}
		{39AB57A8-892D-35B7-9EB7-358F93F5C214} = {57713676-9DBE-331C-AD10-26632AC9EE0C}
		{A5BD3ACB-194B-39FD-ACD4-77E155234D5A} = {57713676-9DBE-331C-AD10-26632AC9EE0C}
		{9A345194-6255-3373-8463-EBD6822EB831} = {57713676-9DBE-331C-AD10-26632AC9EE0C}
		{5829620F-3E76-3F94-B329-C254236E63A5} = {57713676-9DBE-331C-AD10-26632AC9EE0C}
		{0660CE0D-E3C5-339C-8220-1E8E51A78D2B} = {C2F57ECE-B26F-39D8-BDA7-C1D40BD8F180}
		{099FB5AF-9A6E-3F18-A67C-8C320C379D29} = {C2F57ECE-B26F-39D8-BDA7-C1D40BD8F180}
		{80FE6973-80F8-3CBA-B0C2-7F7FD7820114} = {C2F57ECE-B26F-39D8-BDA7-C1D40BD8F180}
		{2880B4B4-FFD7-38C1-9569-B29EFDCB9B61} = {C2F57ECE-B26F-39D8-BDA7-C1D40BD8F180}
	EndGlobalSection
EndGlobal
